
Microsoft Visual Studio Solution File, Format Version 12.00
# Visual Studio Version 17
VisualStudioVersion = 17.4.33213.308
MinimumVisualStudioVersion = 10.0.40219.1
Project("{FAE04EC0-301F-11D3-BF4B-00C04F79EFBC}") = "FinancialCharts", "FinancialCharts.csproj", "{5577EF5E-D2F0-4C61-8B7E-13ED2C9D518A}"
EndProject
Global
	GlobalSection(SolutionConfigurationPlatforms) = preSolution
		Debug|Any CPU = Debug|Any CPU
		Release|Any CPU = Release|Any CPU
	EndGlobalSection
	GlobalSection(ProjectConfigurationPlatforms) = postSolution
		{5577EF5E-D2F0-4C61-8B7E-13ED2C9D518A}.Debug|Any CPU.ActiveCfg = Debug|Any CPU
		{5577EF5E-D2F0-4C61-8B7E-13ED2C9D518A}.Debug|Any CPU.Build.0 = Debug|Any CPU
		{5577EF5E-D2F0-4C61-8B7E-13ED2C9D518A}.Release|Any CPU.ActiveCfg = Release|Any CPU
		{5577EF5E-D2F0-4C61-8B7E-13ED2C9D518A}.Release|Any CPU.Build.0 = Release|Any CPU
	EndGlobalSection
	GlobalSection(SolutionProperties) = preSolution
		HideSolutionNode = FALSE
	EndGlobalSection
	GlobalSection(ExtensibilityGlobals) = postSolution
		SolutionGuid = {A7232AFF-F5E7-4014-87C5-FA52C1B4FDFF}
	EndGlobalSection
EndGlobal
